
Microsoft Visual Studio Solution File, Format Version 12.00
# Visual Studio Version 17
VisualStudioVersion = 17.4.33213.308
MinimumVisualStudioVersion = 10.0.40219.1
Project("{FAE04EC0-301F-11D3-BF4B-00C04F79EFBC}") = "SettingsAccess", "SettingsAccess\SettingsAccess.csproj", "{7A6209D3-DC81-4908-961C-133688A63558}"
EndProject
Project("{FAE04EC0-301F-11D3-BF4B-00C04F79EFBC}") = "SettingsAccessDemo", "SettingsAccessDemo\SettingsAccessDemo.csproj", "{36587F0C-672B-4520-89F8-5B8D73FCF553}"
EndProject
Global
	GlobalSection(SolutionConfigurationPlatforms) = preSolution
		Debug|Any CPU = Debug|Any CPU
		Release|Any CPU = Release|Any CPU
	EndGlobalSection
	GlobalSection(ProjectConfigurationPlatforms) = postSolution
		{7A6209D3-DC81-4908-961C-133688A63558}.Debug|Any CPU.ActiveCfg = Debug|Any CPU
		{7A6209D3-DC81-4908-961C-133688A63558}.Debug|Any CPU.Build.0 = Debug|Any CPU
		{7A6209D3-DC81-4908-961C-133688A63558}.Release|Any CPU.ActiveCfg = Release|Any CPU
		{7A6209D3-DC81-4908-961C-133688A63558}.Release|Any CPU.Build.0 = Release|Any CPU
		{36587F0C-672B-4520-89F8-5B8D73FCF553}.Debug|Any CPU.ActiveCfg = Debug|Any CPU
		{36587F0C-672B-4520-89F8-5B8D73FCF553}.Debug|Any CPU.Build.0 = Debug|Any CPU
		{36587F0C-672B-4520-89F8-5B8D73FCF553}.Release|Any CPU.ActiveCfg = Release|Any CPU
		{36587F0C-672B-4520-89F8-5B8D73FCF553}.Release|Any CPU.Build.0 = Release|Any CPU
	EndGlobalSection
	GlobalSection(SolutionProperties) = preSolution
		HideSolutionNode = FALSE
	EndGlobalSection
	GlobalSection(ExtensibilityGlobals) = postSolution
		SolutionGuid = {A624D888-AAC4-47DC-8B4E-3E2EC558F06E}
	EndGlobalSection
EndGlobal
