
Microsoft Visual Studio Solution File, Format Version 12.00
# Visual Studio 15
VisualStudioVersion = 15.0.28010.2036
MinimumVisualStudioVersion = 10.0.40219.1
Project("{FAE04EC0-301F-11D3-BF4B-00C04F79EFBC}") = "SettingsAccess", "SettingsAccess\SettingsAccess.csproj", "{D3F601B3-252B-4A58-89ED-587696BBF17D}"
EndProject
Project("{FAE04EC0-301F-11D3-BF4B-00C04F79EFBC}") = "SettingsAccessDemo", "SettingsAccessDemo\SettingsAccessDemo.csproj", "{48BC342C-6B06-43AE-BBFD-5C85AB745543}"
EndProject
Global
	GlobalSection(SolutionConfigurationPlatforms) = preSolution
		Debug|Any CPU = Debug|Any CPU
		Release|Any CPU = Release|Any CPU
	EndGlobalSection
	GlobalSection(ProjectConfigurationPlatforms) = postSolution
		{D3F601B3-252B-4A58-89ED-587696BBF17D}.Debug|Any CPU.ActiveCfg = Debug|Any CPU
		{D3F601B3-252B-4A58-89ED-587696BBF17D}.Debug|Any CPU.Build.0 = Debug|Any CPU
		{D3F601B3-252B-4A58-89ED-587696BBF17D}.Release|Any CPU.ActiveCfg = Release|Any CPU
		{D3F601B3-252B-4A58-89ED-587696BBF17D}.Release|Any CPU.Build.0 = Release|Any CPU
		{48BC342C-6B06-43AE-BBFD-5C85AB745543}.Debug|Any CPU.ActiveCfg = Debug|Any CPU
		{48BC342C-6B06-43AE-BBFD-5C85AB745543}.Debug|Any CPU.Build.0 = Debug|Any CPU
		{48BC342C-6B06-43AE-BBFD-5C85AB745543}.Release|Any CPU.ActiveCfg = Release|Any CPU
		{48BC342C-6B06-43AE-BBFD-5C85AB745543}.Release|Any CPU.Build.0 = Release|Any CPU
	EndGlobalSection
	GlobalSection(SolutionProperties) = preSolution
		HideSolutionNode = FALSE
	EndGlobalSection
EndGlobal
